
Microsoft Visual Studio Solution File, Format Version 12.00
# Visual Studio Version 17
VisualStudioVersion = 17.6.33815.320
MinimumVisualStudioVersion = 10.0.40219.1
Project("{9A19103F-16F7-4668-BE54-9A1E7A4F7556}") = "2. Declaração de variáveis e tipos de dados", "2. Declaração de variáveis e tipos de dados\2. Declaração de variáveis e tipos de dados.csproj", "{FBA60A09-C716-4F10-9E2B-428D2665CD60}"
EndProject
Project("{9A19103F-16F7-4668-BE54-9A1E7A4F7556}") = "3. Entrada de Dados, Concatenação, Interpolação e PlaceHolders", "3. Entrada de Dados, Concatenação, Interpolação e PlaceHolders\3. Entrada de Dados, Concatenação, Interpolação e PlaceHolders.csproj", "{2BA309C6-1EE5-4EA3-ADC7-EA033CFBF47B}"
EndProject
Project("{9A19103F-16F7-4668-BE54-9A1E7A4F7556}") = "1. Saída de dados", "1. Saída de Dados e Region\1. Saída de dados.csproj", "{547798EA-219F-4DB5-A707-6429EE9D434B}"
EndProject
Project("{9A19103F-16F7-4668-BE54-9A1E7A4F7556}") = "4. Conversões", "4. Conversões\4. Conversões.csproj", "{9B70059A-3562-4297-9E8C-C3A99EFE7269}"
EndProject
Project("{9A19103F-16F7-4668-BE54-9A1E7A4F7556}") = "5. Operadores", "5. Operadores\5. Operadores.csproj", "{2383D9BE-6ECD-4073-BCDA-440DF0F64040}"
EndProject
Project("{9A19103F-16F7-4668-BE54-9A1E7A4F7556}") = "6. Estruturas de condição", "6. Estruturas de condição\6. Estruturas de condição.csproj", "{0EAF8C55-090F-4B7B-B530-7C222669F157}"
EndProject
Project("{9A19103F-16F7-4668-BE54-9A1E7A4F7556}") = "7. Classes", "7. Classes\7. Classes.csproj", "{E513EF59-9E62-4412-9995-6612481C5426}"
EndProject
Project("{9A19103F-16F7-4668-BE54-9A1E7A4F7556}") = "8. TopicosEspeciais1", "8. TopicosEspeciais1\8. TopicosEspeciais1.csproj", "{2110C7FA-1050-416B-B419-2A6C8339A3D5}"
EndProject
Project("{FAE04EC0-301F-11D3-BF4B-00C04F79EFBC}") = "9. Listas", "9. Listas\9. Listas.csproj", "{7D9773BA-72D7-4F26-B019-D7FDA3EEF1AE}"
EndProject
Global
	GlobalSection(SolutionConfigurationPlatforms) = preSolution
		Debug|Any CPU = Debug|Any CPU
		Release|Any CPU = Release|Any CPU
	EndGlobalSection
	GlobalSection(ProjectConfigurationPlatforms) = postSolution
		{FBA60A09-C716-4F10-9E2B-428D2665CD60}.Debug|Any CPU.ActiveCfg = Debug|Any CPU
		{FBA60A09-C716-4F10-9E2B-428D2665CD60}.Debug|Any CPU.Build.0 = Debug|Any CPU
		{FBA60A09-C716-4F10-9E2B-428D2665CD60}.Release|Any CPU.ActiveCfg = Release|Any CPU
		{FBA60A09-C716-4F10-9E2B-428D2665CD60}.Release|Any CPU.Build.0 = Release|Any CPU
		{2BA309C6-1EE5-4EA3-ADC7-EA033CFBF47B}.Debug|Any CPU.ActiveCfg = Debug|Any CPU
		{2BA309C6-1EE5-4EA3-ADC7-EA033CFBF47B}.Debug|Any CPU.Build.0 = Debug|Any CPU
		{2BA309C6-1EE5-4EA3-ADC7-EA033CFBF47B}.Release|Any CPU.ActiveCfg = Release|Any CPU
		{2BA309C6-1EE5-4EA3-ADC7-EA033CFBF47B}.Release|Any CPU.Build.0 = Release|Any CPU
		{547798EA-219F-4DB5-A707-6429EE9D434B}.Debug|Any CPU.ActiveCfg = Debug|Any CPU
		{547798EA-219F-4DB5-A707-6429EE9D434B}.Debug|Any CPU.Build.0 = Debug|Any CPU
		{547798EA-219F-4DB5-A707-6429EE9D434B}.Release|Any CPU.ActiveCfg = Release|Any CPU
		{547798EA-219F-4DB5-A707-6429EE9D434B}.Release|Any CPU.Build.0 = Release|Any CPU
		{9B70059A-3562-4297-9E8C-C3A99EFE7269}.Debug|Any CPU.ActiveCfg = Debug|Any CPU
		{9B70059A-3562-4297-9E8C-C3A99EFE7269}.Debug|Any CPU.Build.0 = Debug|Any CPU
		{9B70059A-3562-4297-9E8C-C3A99EFE7269}.Release|Any CPU.ActiveCfg = Release|Any CPU
		{9B70059A-3562-4297-9E8C-C3A99EFE7269}.Release|Any CPU.Build.0 = Release|Any CPU
		{2383D9BE-6ECD-4073-BCDA-440DF0F64040}.Debug|Any CPU.ActiveCfg = Debug|Any CPU
		{2383D9BE-6ECD-4073-BCDA-440DF0F64040}.Debug|Any CPU.Build.0 = Debug|Any CPU
		{2383D9BE-6ECD-4073-BCDA-440DF0F64040}.Release|Any CPU.ActiveCfg = Release|Any CPU
		{2383D9BE-6ECD-4073-BCDA-440DF0F64040}.Release|Any CPU.Build.0 = Release|Any CPU
		{0EAF8C55-090F-4B7B-B530-7C222669F157}.Debug|Any CPU.ActiveCfg = Debug|Any CPU
		{0EAF8C55-090F-4B7B-B530-7C222669F157}.Debug|Any CPU.Build.0 = Debug|Any CPU
		{0EAF8C55-090F-4B7B-B530-7C222669F157}.Release|Any CPU.ActiveCfg = Release|Any CPU
		{0EAF8C55-090F-4B7B-B530-7C222669F157}.Release|Any CPU.Build.0 = Release|Any CPU
		{E513EF59-9E62-4412-9995-6612481C5426}.Debug|Any CPU.ActiveCfg = Debug|Any CPU
		{E513EF59-9E62-4412-9995-6612481C5426}.Debug|Any CPU.Build.0 = Debug|Any CPU
		{E513EF59-9E62-4412-9995-6612481C5426}.Release|Any CPU.ActiveCfg = Release|Any CPU
		{E513EF59-9E62-4412-9995-6612481C5426}.Release|Any CPU.Build.0 = Release|Any CPU
		{2110C7FA-1050-416B-B419-2A6C8339A3D5}.Debug|Any CPU.ActiveCfg = Debug|Any CPU
		{2110C7FA-1050-416B-B419-2A6C8339A3D5}.Debug|Any CPU.Build.0 = Debug|Any CPU
		{2110C7FA-1050-416B-B419-2A6C8339A3D5}.Release|Any CPU.ActiveCfg = Release|Any CPU
		{2110C7FA-1050-416B-B419-2A6C8339A3D5}.Release|Any CPU.Build.0 = Release|Any CPU
		{7D9773BA-72D7-4F26-B019-D7FDA3EEF1AE}.Debug|Any CPU.ActiveCfg = Debug|Any CPU
		{7D9773BA-72D7-4F26-B019-D7FDA3EEF1AE}.Debug|Any CPU.Build.0 = Debug|Any CPU
		{7D9773BA-72D7-4F26-B019-D7FDA3EEF1AE}.Release|Any CPU.ActiveCfg = Release|Any CPU
		{7D9773BA-72D7-4F26-B019-D7FDA3EEF1AE}.Release|Any CPU.Build.0 = Release|Any CPU
	EndGlobalSection
	GlobalSection(SolutionProperties) = preSolution
		HideSolutionNode = FALSE
	EndGlobalSection
	GlobalSection(ExtensibilityGlobals) = postSolution
		SolutionGuid = {005C435E-7B32-4CCE-9081-D91084DD337E}
	EndGlobalSection
EndGlobal
