
Microsoft Visual Studio Solution File, Format Version 12.00
# Visual Studio Version 17
VisualStudioVersion = 17.6.33815.320
MinimumVisualStudioVersion = 10.0.40219.1
Project("{9A19103F-16F7-4668-BE54-9A1E7A4F7556}") = "2. Declaração de variáveis e tipos de dados", "2. Declaração de variáveis e tipos de dados\2. Declaração de variáveis e tipos de dados.csproj", "{FBA60A09-C716-4F10-9E2B-428D2665CD60}"
EndProject
Project("{9A19103F-16F7-4668-BE54-9A1E7A4F7556}") = "3. Entrada de Dados, Concatenação, Interpolação e PlaceHolders", "3. Entrada de Dados, Concatenação, Interpolação e PlaceHolders\3. Entrada de Dados, Concatenação, Interpolação e PlaceHolders.csproj", "{2BA309C6-1EE5-4EA3-ADC7-EA033CFBF47B}"
EndProject
Project("{9A19103F-16F7-4668-BE54-9A1E7A4F7556}") = "1. Saída de dados", "1. Saída de Dados e Region\1. Saída de dados.csproj", "{547798EA-219F-4DB5-A707-6429EE9D434B}"
EndProject
Global
	GlobalSection(SolutionConfigurationPlatforms) = preSolution
		Debug|Any CPU = Debug|Any CPU
		Release|Any CPU = Release|Any CPU
	EndGlobalSection
	GlobalSection(ProjectConfigurationPlatforms) = postSolution
		{FBA60A09-C716-4F10-9E2B-428D2665CD60}.Debug|Any CPU.ActiveCfg = Debug|Any CPU
		{FBA60A09-C716-4F10-9E2B-428D2665CD60}.Debug|Any CPU.Build.0 = Debug|Any CPU
		{FBA60A09-C716-4F10-9E2B-428D2665CD60}.Release|Any CPU.ActiveCfg = Release|Any CPU
		{FBA60A09-C716-4F10-9E2B-428D2665CD60}.Release|Any CPU.Build.0 = Release|Any CPU
		{2BA309C6-1EE5-4EA3-ADC7-EA033CFBF47B}.Debug|Any CPU.ActiveCfg = Debug|Any CPU
		{2BA309C6-1EE5-4EA3-ADC7-EA033CFBF47B}.Debug|Any CPU.Build.0 = Debug|Any CPU
		{2BA309C6-1EE5-4EA3-ADC7-EA033CFBF47B}.Release|Any CPU.ActiveCfg = Release|Any CPU
		{2BA309C6-1EE5-4EA3-ADC7-EA033CFBF47B}.Release|Any CPU.Build.0 = Release|Any CPU
		{547798EA-219F-4DB5-A707-6429EE9D434B}.Debug|Any CPU.ActiveCfg = Debug|Any CPU
		{547798EA-219F-4DB5-A707-6429EE9D434B}.Debug|Any CPU.Build.0 = Debug|Any CPU
		{547798EA-219F-4DB5-A707-6429EE9D434B}.Release|Any CPU.ActiveCfg = Release|Any CPU
		{547798EA-219F-4DB5-A707-6429EE9D434B}.Release|Any CPU.Build.0 = Release|Any CPU
	EndGlobalSection
	GlobalSection(SolutionProperties) = preSolution
		HideSolutionNode = FALSE
	EndGlobalSection
	GlobalSection(ExtensibilityGlobals) = postSolution
		SolutionGuid = {005C435E-7B32-4CCE-9081-D91084DD337E}
	EndGlobalSection
EndGlobal
